// !$*UTF8*$!
{
	archiveVersion = 1;
	classes = {
	};
	objectVersion = 51;
	objects = {

/* Begin PBXBuildFile section */
		106FFFE37A3F7D73D8026406 /* Pods_RxSwiftExample.framework in Frameworks */ = {isa = PBXBuildFile; fileRef = 1D997E6AC28B69E2ADAE83EF /* Pods_RxSwiftExample.framework */; };
		F4C691BA232FED9400288264 /* AppDelegate.swift in Sources */ = {isa = PBXBuildFile; fileRef = F4C691B9232FED9400288264 /* AppDelegate.swift */; };
		F4C691BF232FED9400288264 /* Main.storyboard in Resources */ = {isa = PBXBuildFile; fileRef = F4C691BD232FED9400288264 /* Main.storyboard */; };
		F4C691C1232FED9500288264 /* Assets.xcassets in Resources */ = {isa = PBXBuildFile; fileRef = F4C691C0232FED9500288264 /* Assets.xcassets */; };
		F4C691C4232FED9500288264 /* LaunchScreen.storyboard in Resources */ = {isa = PBXBuildFile; fileRef = F4C691C2232FED9500288264 /* LaunchScreen.storyboard */; };
		F4C691CE232FEDFD00288264 /* SignInViewController.swift in Sources */ = {isa = PBXBuildFile; fileRef = F4C691CC232FEDFD00288264 /* SignInViewController.swift */; };
		F4C691CF232FEDFD00288264 /* HomeViewController.swift in Sources */ = {isa = PBXBuildFile; fileRef = F4C691CD232FEDFD00288264 /* HomeViewController.swift */; };
		F4C691D6232FEE1F00288264 /* API.framework in Frameworks */ = {isa = PBXBuildFile; fileRef = F4C691D5232FEE1900288264 /* API.framework */; };
		F4C691D7232FEE1F00288264 /* API.framework in Embed Frameworks */ = {isa = PBXBuildFile; fileRef = F4C691D5232FEE1900288264 /* API.framework */; settings = {ATTRIBUTES = (CodeSignOnCopy, RemoveHeadersOnCopy, ); }; };
		F4C691DB232FEED100288264 /* HomeViewModel.swift in Sources */ = {isa = PBXBuildFile; fileRef = F4C691D9232FEED100288264 /* HomeViewModel.swift */; };
		F4C691DC232FEED100288264 /* SignInViewModel.swift in Sources */ = {isa = PBXBuildFile; fileRef = F4C691DA232FEED100288264 /* SignInViewModel.swift */; };
		F4C691DF232FEEDB00288264 /* API+RxSwift.swift in Sources */ = {isa = PBXBuildFile; fileRef = F4C691DE232FEEDB00288264 /* API+RxSwift.swift */; };
/* End PBXBuildFile section */

/* Begin PBXCopyFilesBuildPhase section */
		F4C691D3232FEE0D00288264 /* Embed Frameworks */ = {
			isa = PBXCopyFilesBuildPhase;
			buildActionMask = 2147483647;
			dstPath = "";
			dstSubfolderSpec = 10;
			files = (
				F4C691D7232FEE1F00288264 /* API.framework in Embed Frameworks */,
			);
			name = "Embed Frameworks";
			runOnlyForDeploymentPostprocessing = 0;
		};
/* End PBXCopyFilesBuildPhase section */

/* Begin PBXFileReference section */
		1D997E6AC28B69E2ADAE83EF /* Pods_RxSwiftExample.framework */ = {isa = PBXFileReference; explicitFileType = wrapper.framework; includeInIndex = 0; path = Pods_RxSwiftExample.framework; sourceTree = BUILT_PRODUCTS_DIR; };
		58F2C86550DE282765DA38F4 /* Pods-RxSwiftExample.debug.xcconfig */ = {isa = PBXFileReference; includeInIndex = 1; lastKnownFileType = text.xcconfig; name = "Pods-RxSwiftExample.debug.xcconfig"; path = "Target Support Files/Pods-RxSwiftExample/Pods-RxSwiftExample.debug.xcconfig"; sourceTree = "<group>"; };
		C1ECDC4FC65A85DFD350DB7B /* Pods-RxSwiftExample.release.xcconfig */ = {isa = PBXFileReference; includeInIndex = 1; lastKnownFileType = text.xcconfig; name = "Pods-RxSwiftExample.release.xcconfig"; path = "Target Support Files/Pods-RxSwiftExample/Pods-RxSwiftExample.release.xcconfig"; sourceTree = "<group>"; };
		F4C691B6232FED9400288264 /* RxSwiftExample.app */ = {isa = PBXFileReference; explicitFileType = wrapper.application; includeInIndex = 0; path = RxSwiftExample.app; sourceTree = BUILT_PRODUCTS_DIR; };
		F4C691B9232FED9400288264 /* AppDelegate.swift */ = {isa = PBXFileReference; lastKnownFileType = sourcecode.swift; path = AppDelegate.swift; sourceTree = "<group>"; };
		F4C691BE232FED9400288264 /* Base */ = {isa = PBXFileReference; lastKnownFileType = file.storyboard; name = Base; path = Base.lproj/Main.storyboard; sourceTree = "<group>"; };
		F4C691C0232FED9500288264 /* Assets.xcassets */ = {isa = PBXFileReference; lastKnownFileType = folder.assetcatalog; path = Assets.xcassets; sourceTree = "<group>"; };
		F4C691C3232FED9500288264 /* Base */ = {isa = PBXFileReference; lastKnownFileType = file.storyboard; name = Base; path = Base.lproj/LaunchScreen.storyboard; sourceTree = "<group>"; };
		F4C691C5232FED9500288264 /* Info.plist */ = {isa = PBXFileReference; lastKnownFileType = text.plist.xml; path = Info.plist; sourceTree = "<group>"; };
		F4C691CC232FEDFD00288264 /* SignInViewController.swift */ = {isa = PBXFileReference; fileEncoding = 4; lastKnownFileType = sourcecode.swift; path = SignInViewController.swift; sourceTree = "<group>"; };
		F4C691CD232FEDFD00288264 /* HomeViewController.swift */ = {isa = PBXFileReference; fileEncoding = 4; lastKnownFileType = sourcecode.swift; path = HomeViewController.swift; sourceTree = "<group>"; };
		F4C691D5232FEE1900288264 /* API.framework */ = {isa = PBXFileReference; lastKnownFileType = wrapper.framework; path = API.framework; sourceTree = BUILT_PRODUCTS_DIR; };
		F4C691D9232FEED100288264 /* HomeViewModel.swift */ = {isa = PBXFileReference; fileEncoding = 4; lastKnownFileType = sourcecode.swift; path = HomeViewModel.swift; sourceTree = "<group>"; };
		F4C691DA232FEED100288264 /* SignInViewModel.swift */ = {isa = PBXFileReference; fileEncoding = 4; lastKnownFileType = sourcecode.swift; path = SignInViewModel.swift; sourceTree = "<group>"; };
		F4C691DE232FEEDB00288264 /* API+RxSwift.swift */ = {isa = PBXFileReference; fileEncoding = 4; lastKnownFileType = sourcecode.swift; path = "API+RxSwift.swift"; sourceTree = "<group>"; };
/* End PBXFileReference section */

/* Begin PBXFrameworksBuildPhase section */
		F4C691B3232FED9400288264 /* Frameworks */ = {
			isa = PBXFrameworksBuildPhase;
			buildActionMask = 2147483647;
			files = (
				F4C691D6232FEE1F00288264 /* API.framework in Frameworks */,
				106FFFE37A3F7D73D8026406 /* Pods_RxSwiftExample.framework in Frameworks */,
			);
			runOnlyForDeploymentPostprocessing = 0;
		};
/* End PBXFrameworksBuildPhase section */

/* Begin PBXGroup section */
		D8EA8C90C32D21E2F30A9D14 /* Pods */ = {
			isa = PBXGroup;
			children = (
				58F2C86550DE282765DA38F4 /* Pods-RxSwiftExample.debug.xcconfig */,
				C1ECDC4FC65A85DFD350DB7B /* Pods-RxSwiftExample.release.xcconfig */,
			);
			name = Pods;
			path = ../Pods;
			sourceTree = "<group>";
		};
		F4C691AD232FED9400288264 = {
			isa = PBXGroup;
			children = (
				F4C691B8232FED9400288264 /* RxSwiftExample */,
				F4C691B7232FED9400288264 /* Products */,
				F4C691D4232FEE1200288264 /* Frameworks */,
				D8EA8C90C32D21E2F30A9D14 /* Pods */,
			);
			sourceTree = "<group>";
		};
		F4C691B7232FED9400288264 /* Products */ = {
			isa = PBXGroup;
			children = (
				F4C691B6232FED9400288264 /* RxSwiftExample.app */,
			);
			name = Products;
			sourceTree = "<group>";
		};
		F4C691B8232FED9400288264 /* RxSwiftExample */ = {
			isa = PBXGroup;
			children = (
				F4C691B9232FED9400288264 /* AppDelegate.swift */,
				F4C691CB232FEDED00288264 /* UI */,
				F4C691DD232FEEDB00288264 /* Extensions */,
				F4C691C0232FED9500288264 /* Assets.xcassets */,
				F4C691C2232FED9500288264 /* LaunchScreen.storyboard */,
				F4C691C5232FED9500288264 /* Info.plist */,
			);
			path = RxSwiftExample;
			sourceTree = "<group>";
		};
		F4C691CB232FEDED00288264 /* UI */ = {
			isa = PBXGroup;
			children = (
				F4C691BD232FED9400288264 /* Main.storyboard */,
				F4C691CC232FEDFD00288264 /* SignInViewController.swift */,
				F4C691DA232FEED100288264 /* SignInViewModel.swift */,
				F4C691CD232FEDFD00288264 /* HomeViewController.swift */,
				F4C691D9232FEED100288264 /* HomeViewModel.swift */,
			);
			path = UI;
			sourceTree = "<group>";
		};
		F4C691D4232FEE1200288264 /* Frameworks */ = {
			isa = PBXGroup;
			children = (
				F4C691D5232FEE1900288264 /* API.framework */,
				1D997E6AC28B69E2ADAE83EF /* Pods_RxSwiftExample.framework */,
			);
			name = Frameworks;
			sourceTree = "<group>";
		};
		F4C691DD232FEEDB00288264 /* Extensions */ = {
			isa = PBXGroup;
			children = (
				F4C691DE232FEEDB00288264 /* API+RxSwift.swift */,
			);
			path = Extensions;
			sourceTree = "<group>";
		};
/* End PBXGroup section */

/* Begin PBXNativeTarget section */
		F4C691B5232FED9400288264 /* RxSwiftExample */ = {
			isa = PBXNativeTarget;
			buildConfigurationList = F4C691C8232FED9500288264 /* Build configuration list for PBXNativeTarget "RxSwiftExample" */;
			buildPhases = (
				52D8BD7EFEB5D0AAF93167AF /* [CP] Check Pods Manifest.lock */,
				8BDC8D49E42791C374ECBF11 /* [CP-User] Run SwiftLint */,
				F4C691B2232FED9400288264 /* Sources */,
				F4C691B3232FED9400288264 /* Frameworks */,
				F4C691B4232FED9400288264 /* Resources */,
				F4C691D3232FEE0D00288264 /* Embed Frameworks */,
				25B5EE7A916C239A8B2F9692 /* [CP] Embed Pods Frameworks */,
			);
			buildRules = (
			);
			dependencies = (
			);
			name = RxSwiftExample;
			productName = RxSwiftExample;
			productReference = F4C691B6232FED9400288264 /* RxSwiftExample.app */;
			productType = "com.apple.product-type.application";
		};
/* End PBXNativeTarget section */

/* Begin PBXProject section */
		F4C691AE232FED9400288264 /* Project object */ = {
			isa = PBXProject;
			attributes = {
				LastSwiftUpdateCheck = 1020;
				LastUpgradeCheck = 1020;
				ORGANIZATIONNAME = "Stéphane Copin";
				TargetAttributes = {
					F4C691B5232FED9400288264 = {
						CreatedOnToolsVersion = 10.2.1;
					};
				};
			};
			buildConfigurationList = F4C691B1232FED9400288264 /* Build configuration list for PBXProject "RxSwiftExample" */;
			compatibilityVersion = "Xcode 9.3";
			developmentRegion = en;
			hasScannedForEncodings = 0;
			knownRegions = (
				en,
				Base,
			);
			mainGroup = F4C691AD232FED9400288264;
			productRefGroup = F4C691B7232FED9400288264 /* Products */;
			projectDirPath = "";
			projectRoot = "";
			targets = (
				F4C691B5232FED9400288264 /* RxSwiftExample */,
			);
		};
/* End PBXProject section */

/* Begin PBXResourcesBuildPhase section */
		F4C691B4232FED9400288264 /* Resources */ = {
			isa = PBXResourcesBuildPhase;
			buildActionMask = 2147483647;
			files = (
				F4C691C4232FED9500288264 /* LaunchScreen.storyboard in Resources */,
				F4C691C1232FED9500288264 /* Assets.xcassets in Resources */,
				F4C691BF232FED9400288264 /* Main.storyboard in Resources */,
			);
			runOnlyForDeploymentPostprocessing = 0;
		};
/* End PBXResourcesBuildPhase section */

/* Begin PBXShellScriptBuildPhase section */
		25B5EE7A916C239A8B2F9692 /* [CP] Embed Pods Frameworks */ = {
			isa = PBXShellScriptBuildPhase;
			buildActionMask = 2147483647;
			files = (
			);
			inputFileListPaths = (
				"${PODS_ROOT}/Target Support Files/Pods-RxSwiftExample/Pods-RxSwiftExample-frameworks-${CONFIGURATION}-input-files.xcfilelist",
			);
			name = "[CP] Embed Pods Frameworks";
			outputFileListPaths = (
				"${PODS_ROOT}/Target Support Files/Pods-RxSwiftExample/Pods-RxSwiftExample-frameworks-${CONFIGURATION}-output-files.xcfilelist",
			);
			runOnlyForDeploymentPostprocessing = 0;
			shellPath = /bin/sh;
			shellScript = "\"${PODS_ROOT}/Target Support Files/Pods-RxSwiftExample/Pods-RxSwiftExample-frameworks.sh\"\n";
			showEnvVarsInLog = 0;
		};
		52D8BD7EFEB5D0AAF93167AF /* [CP] Check Pods Manifest.lock */ = {
			isa = PBXShellScriptBuildPhase;
			buildActionMask = 2147483647;
			files = (
			);
			inputFileListPaths = (
			);
			inputPaths = (
				"${PODS_PODFILE_DIR_PATH}/Podfile.lock",
				"${PODS_ROOT}/Manifest.lock",
			);
			name = "[CP] Check Pods Manifest.lock";
			outputFileListPaths = (
			);
			outputPaths = (
				"$(DERIVED_FILE_DIR)/Pods-RxSwiftExample-checkManifestLockResult.txt",
			);
			runOnlyForDeploymentPostprocessing = 0;
			shellPath = /bin/sh;
			shellScript = "diff \"${PODS_PODFILE_DIR_PATH}/Podfile.lock\" \"${PODS_ROOT}/Manifest.lock\" > /dev/null\nif [ $? != 0 ] ; then\n    # print error to STDERR\n    echo \"error: The sandbox is not in sync with the Podfile.lock. Run 'pod install' or update your CocoaPods installation.\" >&2\n    exit 1\nfi\n# This output is used by Xcode 'outputs' to avoid re-running this script phase.\necho \"SUCCESS\" > \"${SCRIPT_OUTPUT_FILE_0}\"\n";
			showEnvVarsInLog = 0;
		};
		8BDC8D49E42791C374ECBF11 /* [CP-User] Run SwiftLint */ = {
			isa = PBXShellScriptBuildPhase;
			buildActionMask = 2147483647;
			files = (
			);
			name = "[CP-User] Run SwiftLint";
			runOnlyForDeploymentPostprocessing = 0;
			shellPath = /bin/sh;
			shellScript = "\"${PODS_ROOT}/SwiftLint/swiftlint\" --config ../.swiftlint.yml";
		};
/* End PBXShellScriptBuildPhase section */

/* Begin PBXSourcesBuildPhase section */
		F4C691B2232FED9400288264 /* Sources */ = {
			isa = PBXSourcesBuildPhase;
			buildActionMask = 2147483647;
			files = (
				F4C691CE232FEDFD00288264 /* SignInViewController.swift in Sources */,
				F4C691BA232FED9400288264 /* AppDelegate.swift in Sources */,
				F4C691CF232FEDFD00288264 /* HomeViewController.swift in Sources */,
				F4C691DB232FEED100288264 /* HomeViewModel.swift in Sources */,
				F4C691DC232FEED100288264 /* SignInViewModel.swift in Sources */,
				F4C691DF232FEEDB00288264 /* API+RxSwift.swift in Sources */,
			);
			runOnlyForDeploymentPostprocessing = 0;
		};
/* End PBXSourcesBuildPhase section */

/* Begin PBXVariantGroup section */
		F4C691BD232FED9400288264 /* Main.storyboard */ = {
			isa = PBXVariantGroup;
			children = (
				F4C691BE232FED9400288264 /* Base */,
			);
			name = Main.storyboard;
			sourceTree = "<group>";
		};
		F4C691C2232FED9500288264 /* LaunchScreen.storyboard */ = {
			isa = PBXVariantGroup;
			children = (
				F4C691C3232FED9500288264 /* Base */,
			);
			name = LaunchScreen.storyboard;
			sourceTree = "<group>";
		};
/* End PBXVariantGroup section */

/* Begin XCBuildConfiguration section */
		F4C691C6232FED9500288264 /* Debug */ = {
			isa = XCBuildConfiguration;
			buildSettings = {
				ALWAYS_SEARCH_USER_PATHS = NO;
				CLANG_ANALYZER_NONNULL = YES;
				CLANG_ANALYZER_NUMBER_OBJECT_CONVERSION = YES_AGGRESSIVE;
				CLANG_CXX_LANGUAGE_STANDARD = "gnu++14";
				CLANG_CXX_LIBRARY = "libc++";
				CLANG_ENABLE_MODULES = YES;
				CLANG_ENABLE_OBJC_ARC = YES;
				CLANG_ENABLE_OBJC_WEAK = YES;
				CLANG_WARN_BLOCK_CAPTURE_AUTORELEASING = YES;
				CLANG_WARN_BOOL_CONVERSION = YES;
				CLANG_WARN_COMMA = YES;
				CLANG_WARN_CONSTANT_CONVERSION = YES;
				CLANG_WARN_DEPRECATED_OBJC_IMPLEMENTATIONS = YES;
				CLANG_WARN_DIRECT_OBJC_ISA_USAGE = YES_ERROR;
				CLANG_WARN_DOCUMENTATION_COMMENTS = YES;
				CLANG_WARN_EMPTY_BODY = YES;
				CLANG_WARN_ENUM_CONVERSION = YES;
				CLANG_WARN_INFINITE_RECURSION = YES;
				CLANG_WARN_INT_CONVERSION = YES;
				CLANG_WARN_NON_LITERAL_NULL_CONVERSION = YES;
				CLANG_WARN_OBJC_IMPLICIT_RETAIN_SELF = YES;
				CLANG_WARN_OBJC_LITERAL_CONVERSION = YES;
				CLANG_WARN_OBJC_ROOT_CLASS = YES_ERROR;
				CLANG_WARN_RANGE_LOOP_ANALYSIS = YES;
				CLANG_WARN_STRICT_PROTOTYPES = YES;
				CLANG_WARN_SUSPICIOUS_MOVE = YES;
				CLANG_WARN_UNGUARDED_AVAILABILITY = YES_AGGRESSIVE;
				CLANG_WARN_UNREACHABLE_CODE = YES;
				CLANG_WARN__DUPLICATE_METHOD_MATCH = YES;
				CODE_SIGN_IDENTITY = "iPhone Developer";
				COPY_PHASE_STRIP = NO;
				DEBUG_INFORMATION_FORMAT = dwarf;
				ENABLE_STRICT_OBJC_MSGSEND = YES;
				ENABLE_TESTABILITY = YES;
				GCC_C_LANGUAGE_STANDARD = gnu11;
				GCC_DYNAMIC_NO_PIC = NO;
				GCC_NO_COMMON_BLOCKS = YES;
				GCC_OPTIMIZATION_LEVEL = 0;
				GCC_PREPROCESSOR_DEFINITIONS = (
					"DEBUG=1",
					"$(inherited)",
				);
				GCC_WARN_64_TO_32_BIT_CONVERSION = YES;
				GCC_WARN_ABOUT_RETURN_TYPE = YES_ERROR;
				GCC_WARN_UNDECLARED_SELECTOR = YES;
				GCC_WARN_UNINITIALIZED_AUTOS = YES_AGGRESSIVE;
				GCC_WARN_UNUSED_FUNCTION = YES;
				GCC_WARN_UNUSED_VARIABLE = YES;
				IPHONEOS_DEPLOYMENT_TARGET = 12.2;
				MTL_ENABLE_DEBUG_INFO = INCLUDE_SOURCE;
				MTL_FAST_MATH = YES;
				ONLY_ACTIVE_ARCH = YES;
				SDKROOT = iphoneos;
				SWIFT_ACTIVE_COMPILATION_CONDITIONS = DEBUG;
				SWIFT_OPTIMIZATION_LEVEL = "-Onone";
			};
			name = Debug;
		};
		F4C691C7232FED9500288264 /* Release */ = {
			isa = XCBuildConfiguration;
			buildSettings = {
				ALWAYS_SEARCH_USER_PATHS = NO;
				CLANG_ANALYZER_NONNULL = YES;
				CLANG_ANALYZER_NUMBER_OBJECT_CONVERSION = YES_AGGRESSIVE;
				CLANG_CXX_LANGUAGE_STANDARD = "gnu++14";
				CLANG_CXX_LIBRARY = "libc++";
				CLANG_ENABLE_MODULES = YES;
				CLANG_ENABLE_OBJC_ARC = YES;
				CLANG_ENABLE_OBJC_WEAK = YES;
				CLANG_WARN_BLOCK_CAPTURE_AUTORELEASING = YES;
				CLANG_WARN_BOOL_CONVERSION = YES;
				CLANG_WARN_COMMA = YES;
				CLANG_WARN_CONSTANT_CONVERSION = YES;
				CLANG_WARN_DEPRECATED_OBJC_IMPLEMENTATIONS = YES;
				CLANG_WARN_DIRECT_OBJC_ISA_USAGE = YES_ERROR;
				CLANG_WARN_DOCUMENTATION_COMMENTS = YES;
				CLANG_WARN_EMPTY_BODY = YES;
				CLANG_WARN_ENUM_CONVERSION = YES;
				CLANG_WARN_INFINITE_RECURSION = YES;
				CLANG_WARN_INT_CONVERSION = YES;
				CLANG_WARN_NON_LITERAL_NULL_CONVERSION = YES;
				CLANG_WARN_OBJC_IMPLICIT_RETAIN_SELF = YES;
				CLANG_WARN_OBJC_LITERAL_CONVERSION = YES;
				CLANG_WARN_OBJC_ROOT_CLASS = YES_ERROR;
				CLANG_WARN_RANGE_LOOP_ANALYSIS = YES;
				CLANG_WARN_STRICT_PROTOTYPES = YES;
				CLANG_WARN_SUSPICIOUS_MOVE = YES;
				CLANG_WARN_UNGUARDED_AVAILABILITY = YES_AGGRESSIVE;
				CLANG_WARN_UNREACHABLE_CODE = YES;
				CLANG_WARN__DUPLICATE_METHOD_MATCH = YES;
				CODE_SIGN_IDENTITY = "iPhone Developer";
				COPY_PHASE_STRIP = NO;
				DEBUG_INFORMATION_FORMAT = "dwarf-with-dsym";
				ENABLE_NS_ASSERTIONS = NO;
				ENABLE_STRICT_OBJC_MSGSEND = YES;
				GCC_C_LANGUAGE_STANDARD = gnu11;
				GCC_NO_COMMON_BLOCKS = YES;
				GCC_WARN_64_TO_32_BIT_CONVERSION = YES;
				GCC_WARN_ABOUT_RETURN_TYPE = YES_ERROR;
				GCC_WARN_UNDECLARED_SELECTOR = YES;
				GCC_WARN_UNINITIALIZED_AUTOS = YES_AGGRESSIVE;
				GCC_WARN_UNUSED_FUNCTION = YES;
				GCC_WARN_UNUSED_VARIABLE = YES;
				IPHONEOS_DEPLOYMENT_TARGET = 12.2;
				MTL_ENABLE_DEBUG_INFO = NO;
				MTL_FAST_MATH = YES;
				SDKROOT = iphoneos;
				SWIFT_COMPILATION_MODE = wholemodule;
				SWIFT_OPTIMIZATION_LEVEL = "-O";
				VALIDATE_PRODUCT = YES;
			};
			name = Release;
		};
		F4C691C9232FED9500288264 /* Debug */ = {
			isa = XCBuildConfiguration;
			baseConfigurationReference = 58F2C86550DE282765DA38F4 /* Pods-RxSwiftExample.debug.xcconfig */;
			buildSettings = {
				ASSETCATALOG_COMPILER_APPICON_NAME = AppIcon;
				CODE_SIGN_STYLE = Automatic;
				INFOPLIST_FILE = RxSwiftExample/Info.plist;
				LD_RUNPATH_SEARCH_PATHS = (
					"$(inherited)",
					"@executable_path/Frameworks",
				);
				PRODUCT_BUNDLE_IDENTIFIER = com.Fueled.RxSwiftExample;
				PRODUCT_NAME = "$(TARGET_NAME)";
				SWIFT_VERSION = 5.0;
				TARGETED_DEVICE_FAMILY = "1,2";
			};
			name = Debug;
		};
		F4C691CA232FED9500288264 /* Release */ = {
			isa = XCBuildConfiguration;
			baseConfigurationReference = C1ECDC4FC65A85DFD350DB7B /* Pods-RxSwiftExample.release.xcconfig */;
			buildSettings = {
				ASSETCATALOG_COMPILER_APPICON_NAME = AppIcon;
				CODE_SIGN_STYLE = Automatic;
				INFOPLIST_FILE = RxSwiftExample/Info.plist;
				LD_RUNPATH_SEARCH_PATHS = (
					"$(inherited)",
					"@executable_path/Frameworks",
				);
				PRODUCT_BUNDLE_IDENTIFIER = com.Fueled.RxSwiftExample;
				PRODUCT_NAME = "$(TARGET_NAME)";
				SWIFT_VERSION = 5.0;
				TARGETED_DEVICE_FAMILY = "1,2";
			};
			name = Release;
		};
/* End XCBuildConfiguration section */

/* Begin XCConfigurationList section */
		F4C691B1232FED9400288264 /* Build configuration list for PBXProject "RxSwiftExample" */ = {
			isa = XCConfigurationList;
			buildConfigurations = (
				F4C691C6232FED9500288264 /* Debug */,
				F4C691C7232FED9500288264 /* Release */,
			);
			defaultConfigurationIsVisible = 0;
			defaultConfigurationName = Release;
		};
		F4C691C8232FED9500288264 /* Build configuration list for PBXNativeTarget "RxSwiftExample" */ = {
			isa = XCConfigurationList;
			buildConfigurations = (
				F4C691C9232FED9500288264 /* Debug */,
				F4C691CA232FED9500288264 /* Release */,
			);
			defaultConfigurationIsVisible = 0;
			defaultConfigurationName = Release;
		};
/* End XCConfigurationList section */
	};
	rootObject = F4C691AE232FED9400288264 /* Project object */;
}
